
Microsoft Visual Studio Solution File, Format Version 12.00
# Visual Studio Version 16
VisualStudioVersion = 16.0.30717.126
MinimumVisualStudioVersion = 10.0.40219.1
Project("{FAE04EC0-301F-11D3-BF4B-00C04F79EFBC}") = "BankApplication", "BankApplication\BankApplication.csproj", "{87176539-921B-4640-AF5A-4C8EC4DEB70C}"
EndProject
Global
	GlobalSection(SolutionConfigurationPlatforms) = preSolution
		Debug|Any CPU = Debug|Any CPU
		Release|Any CPU = Release|Any CPU
	EndGlobalSection
	GlobalSection(ProjectConfigurationPlatforms) = postSolution
		{87176539-921B-4640-AF5A-4C8EC4DEB70C}.Debug|Any CPU.ActiveCfg = Debug|Any CPU
		{87176539-921B-4640-AF5A-4C8EC4DEB70C}.Debug|Any CPU.Build.0 = Debug|Any CPU
		{87176539-921B-4640-AF5A-4C8EC4DEB70C}.Release|Any CPU.ActiveCfg = Release|Any CPU
		{87176539-921B-4640-AF5A-4C8EC4DEB70C}.Release|Any CPU.Build.0 = Release|Any CPU
	EndGlobalSection
	GlobalSection(SolutionProperties) = preSolution
		HideSolutionNode = FALSE
	EndGlobalSection
	GlobalSection(ExtensibilityGlobals) = postSolution
		SolutionGuid = {86536441-E678-4115-A18E-0FAAAED7169D}
	EndGlobalSection
EndGlobal
